langcode: en
status: true
dependencies:
  module:
    - localgov_search
  theme:
    - localgov_microsites_base
id: localgov_microsites_base_sitewide_search_off_canvas_block
theme: localgov_microsites_base
region: off_canvas
weight: 15
provider: null
plugin: localgov_sitewide_search_block
settings:
  id: localgov_sitewide_search_block
  label: 'Sitewide search block'
  label_display: '0'
  provider: localgov_search
visibility: {  }
