langcode: en
status: true
dependencies:
  module:
    - localgov_guides
    - node
  theme:
    - localgov_microsites_base
id: localgov_microsites_base_guidesprevnextblock
theme: localgov_microsites_base
region: content_bottom
weight: 0
provider: null
plugin: localgov_guides_prev_next_block
settings:
  id: localgov_guides_prev_next_block
  label: ''
  label_display: visible
  provider: localgov_guides
  show_title: false
visibility:
  'entity_bundle:node':
    id: 'entity_bundle:node'
    negate: false
    context_mapping:
      node: '@node.node_route_context:node'
    bundles:
      localgov_guides_overview: localgov_guides_overview
      localgov_guides_page: localgov_guides_page
